
Microsoft Visual Studio Solution File, Format Version 12.00
# Visual Studio 15
VisualStudioVersion = 15.0.27924.0
MinimumVisualStudioVersion = 10.0.40219.1
Project("{D954291E-2A0B-460D-934E-DC6B0785DB48}") = "RayTraceBenchmark.Shared", "RayTraceBenchmark\RayTraceBenchmark.Shared\RayTraceBenchmark.Shared.shproj", "{6279C845-92F8-4333-AB99-3D213163593C}"
EndProject
Project("{FAE04EC0-301F-11D3-BF4B-00C04F79EFBC}") = "RayTraceBenchmark.Droid", "RayTraceBenchmark\RayTraceBenchmark.Droid\RayTraceBenchmark.Droid.csproj", "{0A836C36-7AE2-4B06-8A3B-73081528BFCD}"
EndProject
Project("{FAE04EC0-301F-11D3-BF4B-00C04F79EFBC}") = "RayTraceBenchmark.iOS", "RayTraceBenchmark\RayTraceBenchmark.iOS\RayTraceBenchmark.iOS.csproj", "{9BB383A6-E067-4906-9D21-34A320EBBFCC}"
EndProject
Project("{FAE04EC0-301F-11D3-BF4B-00C04F79EFBC}") = "RayTraceBenchmark.UWP", "RayTraceBenchmark\RayTraceBenchmark.UWP\RayTraceBenchmark.UWP.csproj", "{DB4D6774-EED9-4830-8DC1-F26CBFF33D17}"
EndProject
Project("{9A19103F-16F7-4668-BE54-9A1E7A4F7556}") = "RayTraceBenchmark.Wasm", "RayTraceBenchmark\RayTraceBenchmark.Wasm\RayTraceBenchmark.Wasm.csproj", "{7DB0F56B-25D4-485C-B812-D554ACFC4D50}"
EndProject
Global
	GlobalSection(SharedMSBuildProjectFiles) = preSolution
		RayTraceBenchmark\RayTraceBenchmark.Shared\RayTraceBenchmark.Shared.projitems*{0a836c36-7ae2-4b06-8a3b-73081528bfcd}*SharedItemsImports = 4
		RayTraceBenchmark\RayTraceBenchmark.Shared\RayTraceBenchmark.Shared.projitems*{6279c845-92f8-4333-ab99-3d213163593c}*SharedItemsImports = 13
		RayTraceBenchmark\RayTraceBenchmark.Shared\RayTraceBenchmark.Shared.projitems*{9bb383a6-e067-4906-9d21-34a320ebbfcc}*SharedItemsImports = 4
		RayTraceBenchmark\RayTraceBenchmark.Shared\RayTraceBenchmark.Shared.projitems*{db4d6774-eed9-4830-8dc1-f26cbff33d17}*SharedItemsImports = 4
	EndGlobalSection
	GlobalSection(SolutionConfigurationPlatforms) = preSolution
		Ad-Hoc|Any CPU = Ad-Hoc|Any CPU
		Ad-Hoc|ARM = Ad-Hoc|ARM
		Ad-Hoc|iPhone = Ad-Hoc|iPhone
		Ad-Hoc|iPhoneSimulator = Ad-Hoc|iPhoneSimulator
		Ad-Hoc|x64 = Ad-Hoc|x64
		Ad-Hoc|x86 = Ad-Hoc|x86
		AppStore|Any CPU = AppStore|Any CPU
		AppStore|ARM = AppStore|ARM
		AppStore|iPhone = AppStore|iPhone
		AppStore|iPhoneSimulator = AppStore|iPhoneSimulator
		AppStore|x64 = AppStore|x64
		AppStore|x86 = AppStore|x86
		Debug|Any CPU = Debug|Any CPU
		Debug|ARM = Debug|ARM
		Debug|iPhone = Debug|iPhone
		Debug|iPhoneSimulator = Debug|iPhoneSimulator
		Debug|x64 = Debug|x64
		Debug|x86 = Debug|x86
		Release|Any CPU = Release|Any CPU
		Release|ARM = Release|ARM
		Release|iPhone = Release|iPhone
		Release|iPhoneSimulator = Release|iPhoneSimulator
		Release|x64 = Release|x64
		Release|x86 = Release|x86
	EndGlobalSection
	GlobalSection(ProjectConfigurationPlatforms) = postSolution
		{0A836C36-7AE2-4B06-8A3B-73081528BFCD}.Ad-Hoc|Any CPU.ActiveCfg = Release|Any CPU
		{0A836C36-7AE2-4B06-8A3B-73081528BFCD}.Ad-Hoc|Any CPU.Build.0 = Release|Any CPU
		{0A836C36-7AE2-4B06-8A3B-73081528BFCD}.Ad-Hoc|Any CPU.Deploy.0 = Release|Any CPU
		{0A836C36-7AE2-4B06-8A3B-73081528BFCD}.Ad-Hoc|ARM.ActiveCfg = Release|Any CPU
		{0A836C36-7AE2-4B06-8A3B-73081528BFCD}.Ad-Hoc|ARM.Build.0 = Release|Any CPU
		{0A836C36-7AE2-4B06-8A3B-73081528BFCD}.Ad-Hoc|ARM.Deploy.0 = Release|Any CPU
		{0A836C36-7AE2-4B06-8A3B-73081528BFCD}.Ad-Hoc|iPhone.ActiveCfg = Release|Any CPU
		{0A836C36-7AE2-4B06-8A3B-73081528BFCD}.Ad-Hoc|iPhone.Build.0 = Release|Any CPU
		{0A836C36-7AE2-4B06-8A3B-73081528BFCD}.Ad-Hoc|iPhone.Deploy.0 = Release|Any CPU
		{0A836C36-7AE2-4B06-8A3B-73081528BFCD}.Ad-Hoc|iPhoneSimulator.ActiveCfg = Release|Any CPU
		{0A836C36-7AE2-4B06-8A3B-73081528BFCD}.Ad-Hoc|iPhoneSimulator.Build.0 = Release|Any CPU
		{0A836C36-7AE2-4B06-8A3B-73081528BFCD}.Ad-Hoc|iPhoneSimulator.Deploy.0 = Release|Any CPU
		{0A836C36-7AE2-4B06-8A3B-73081528BFCD}.Ad-Hoc|x64.ActiveCfg = Release|Any CPU
		{0A836C36-7AE2-4B06-8A3B-73081528BFCD}.Ad-Hoc|x64.Build.0 = Release|Any CPU
		{0A836C36-7AE2-4B06-8A3B-73081528BFCD}.Ad-Hoc|x64.Deploy.0 = Release|Any CPU
		{0A836C36-7AE2-4B06-8A3B-73081528BFCD}.Ad-Hoc|x86.ActiveCfg = Release|Any CPU
		{0A836C36-7AE2-4B06-8A3B-73081528BFCD}.Ad-Hoc|x86.Build.0 = Release|Any CPU
		{0A836C36-7AE2-4B06-8A3B-73081528BFCD}.Ad-Hoc|x86.Deploy.0 = Release|Any CPU
		{0A836C36-7AE2-4B06-8A3B-73081528BFCD}.AppStore|Any CPU.ActiveCfg = Release|Any CPU
		{0A836C36-7AE2-4B06-8A3B-73081528BFCD}.AppStore|Any CPU.Build.0 = Release|Any CPU
		{0A836C36-7AE2-4B06-8A3B-73081528BFCD}.AppStore|Any CPU.Deploy.0 = Release|Any CPU
		{0A836C36-7AE2-4B06-8A3B-73081528BFCD}.AppStore|ARM.ActiveCfg = Release|Any CPU
		{0A836C36-7AE2-4B06-8A3B-73081528BFCD}.AppStore|ARM.Build.0 = Release|Any CPU
		{0A836C36-7AE2-4B06-8A3B-73081528BFCD}.AppStore|ARM.Deploy.0 = Release|Any CPU
		{0A836C36-7AE2-4B06-8A3B-73081528BFCD}.AppStore|iPhone.ActiveCfg = Release|Any CPU
		{0A836C36-7AE2-4B06-8A3B-73081528BFCD}.AppStore|iPhone.Build.0 = Release|Any CPU
		{0A836C36-7AE2-4B06-8A3B-73081528BFCD}.AppStore|iPhone.Deploy.0 = Release|Any CPU
		{0A836C36-7AE2-4B06-8A3B-73081528BFCD}.AppStore|iPhoneSimulator.ActiveCfg = Release|Any CPU
		{0A836C36-7AE2-4B06-8A3B-73081528BFCD}.AppStore|iPhoneSimulator.Build.0 = Release|Any CPU
		{0A836C36-7AE2-4B06-8A3B-73081528BFCD}.AppStore|iPhoneSimulator.Deploy.0 = Release|Any CPU
		{0A836C36-7AE2-4B06-8A3B-73081528BFCD}.AppStore|x64.ActiveCfg = Release|Any CPU
		{0A836C36-7AE2-4B06-8A3B-73081528BFCD}.AppStore|x64.Build.0 = Release|Any CPU
		{0A836C36-7AE2-4B06-8A3B-73081528BFCD}.AppStore|x64.Deploy.0 = Release|Any CPU
		{0A836C36-7AE2-4B06-8A3B-73081528BFCD}.AppStore|x86.ActiveCfg = Release|Any CPU
		{0A836C36-7AE2-4B06-8A3B-73081528BFCD}.AppStore|x86.Build.0 = Release|Any CPU
		{0A836C36-7AE2-4B06-8A3B-73081528BFCD}.AppStore|x86.Deploy.0 = Release|Any CPU
		{0A836C36-7AE2-4B06-8A3B-73081528BFCD}.Debug|Any CPU.ActiveCfg = Debug|Any CPU
		{0A836C36-7AE2-4B06-8A3B-73081528BFCD}.Debug|Any CPU.Build.0 = Debug|Any CPU
		{0A836C36-7AE2-4B06-8A3B-73081528BFCD}.Debug|Any CPU.Deploy.0 = Debug|Any CPU
		{0A836C36-7AE2-4B06-8A3B-73081528BFCD}.Debug|ARM.ActiveCfg = Debug|Any CPU
		{0A836C36-7AE2-4B06-8A3B-73081528BFCD}.Debug|ARM.Build.0 = Debug|Any CPU
		{0A836C36-7AE2-4B06-8A3B-73081528BFCD}.Debug|ARM.Deploy.0 = Debug|Any CPU
		{0A836C36-7AE2-4B06-8A3B-73081528BFCD}.Debug|iPhone.ActiveCfg = Debug|Any CPU
		{0A836C36-7AE2-4B06-8A3B-73081528BFCD}.Debug|iPhone.Build.0 = Debug|Any CPU
		{0A836C36-7AE2-4B06-8A3B-73081528BFCD}.Debug|iPhone.Deploy.0 = Debug|Any CPU
		{0A836C36-7AE2-4B06-8A3B-73081528BFCD}.Debug|iPhoneSimulator.ActiveCfg = Debug|Any CPU
		{0A836C36-7AE2-4B06-8A3B-73081528BFCD}.Debug|iPhoneSimulator.Build.0 = Debug|Any CPU
		{0A836C36-7AE2-4B06-8A3B-73081528BFCD}.Debug|iPhoneSimulator.Deploy.0 = Debug|Any CPU
		{0A836C36-7AE2-4B06-8A3B-73081528BFCD}.Debug|x64.ActiveCfg = Debug|Any CPU
		{0A836C36-7AE2-4B06-8A3B-73081528BFCD}.Debug|x64.Build.0 = Debug|Any CPU
		{0A836C36-7AE2-4B06-8A3B-73081528BFCD}.Debug|x64.Deploy.0 = Debug|Any CPU
		{0A836C36-7AE2-4B06-8A3B-73081528BFCD}.Debug|x86.ActiveCfg = Debug|Any CPU
		{0A836C36-7AE2-4B06-8A3B-73081528BFCD}.Debug|x86.Build.0 = Debug|Any CPU
		{0A836C36-7AE2-4B06-8A3B-73081528BFCD}.Debug|x86.Deploy.0 = Debug|Any CPU
		{0A836C36-7AE2-4B06-8A3B-73081528BFCD}.Release|Any CPU.ActiveCfg = Release|Any CPU
		{0A836C36-7AE2-4B06-8A3B-73081528BFCD}.Release|Any CPU.Build.0 = Release|Any CPU
		{0A836C36-7AE2-4B06-8A3B-73081528BFCD}.Release|Any CPU.Deploy.0 = Release|Any CPU
		{0A836C36-7AE2-4B06-8A3B-73081528BFCD}.Release|ARM.ActiveCfg = Release|Any CPU
		{0A836C36-7AE2-4B06-8A3B-73081528BFCD}.Release|ARM.Build.0 = Release|Any CPU
		{0A836C36-7AE2-4B06-8A3B-73081528BFCD}.Release|ARM.Deploy.0 = Release|Any CPU
		{0A836C36-7AE2-4B06-8A3B-73081528BFCD}.Release|iPhone.ActiveCfg = Release|Any CPU
		{0A836C36-7AE2-4B06-8A3B-73081528BFCD}.Release|iPhone.Build.0 = Release|Any CPU
		{0A836C36-7AE2-4B06-8A3B-73081528BFCD}.Release|iPhone.Deploy.0 = Release|Any CPU
		{0A836C36-7AE2-4B06-8A3B-73081528BFCD}.Release|iPhoneSimulator.ActiveCfg = Release|Any CPU
		{0A836C36-7AE2-4B06-8A3B-73081528BFCD}.Release|iPhoneSimulator.Build.0 = Release|Any CPU
		{0A836C36-7AE2-4B06-8A3B-73081528BFCD}.Release|iPhoneSimulator.Deploy.0 = Release|Any CPU
		{0A836C36-7AE2-4B06-8A3B-73081528BFCD}.Release|x64.ActiveCfg = Release|Any CPU
		{0A836C36-7AE2-4B06-8A3B-73081528BFCD}.Release|x64.Build.0 = Release|Any CPU
		{0A836C36-7AE2-4B06-8A3B-73081528BFCD}.Release|x64.Deploy.0 = Release|Any CPU
		{0A836C36-7AE2-4B06-8A3B-73081528BFCD}.Release|x86.ActiveCfg = Release|Any CPU
		{0A836C36-7AE2-4B06-8A3B-73081528BFCD}.Release|x86.Build.0 = Release|Any CPU
		{0A836C36-7AE2-4B06-8A3B-73081528BFCD}.Release|x86.Deploy.0 = Release|Any CPU
		{9BB383A6-E067-4906-9D21-34A320EBBFCC}.Ad-Hoc|Any CPU.ActiveCfg = Ad-Hoc|iPhone
		{9BB383A6-E067-4906-9D21-34A320EBBFCC}.Ad-Hoc|ARM.ActiveCfg = Ad-Hoc|iPhone
		{9BB383A6-E067-4906-9D21-34A320EBBFCC}.Ad-Hoc|iPhone.ActiveCfg = Ad-Hoc|iPhone
		{9BB383A6-E067-4906-9D21-34A320EBBFCC}.Ad-Hoc|iPhone.Build.0 = Ad-Hoc|iPhone
		{9BB383A6-E067-4906-9D21-34A320EBBFCC}.Ad-Hoc|iPhoneSimulator.ActiveCfg = Ad-Hoc|iPhoneSimulator
		{9BB383A6-E067-4906-9D21-34A320EBBFCC}.Ad-Hoc|iPhoneSimulator.Build.0 = Ad-Hoc|iPhoneSimulator
		{9BB383A6-E067-4906-9D21-34A320EBBFCC}.Ad-Hoc|x64.ActiveCfg = Ad-Hoc|iPhone
		{9BB383A6-E067-4906-9D21-34A320EBBFCC}.Ad-Hoc|x86.ActiveCfg = Ad-Hoc|iPhone
		{9BB383A6-E067-4906-9D21-34A320EBBFCC}.AppStore|Any CPU.ActiveCfg = AppStore|iPhone
		{9BB383A6-E067-4906-9D21-34A320EBBFCC}.AppStore|ARM.ActiveCfg = AppStore|iPhone
		{9BB383A6-E067-4906-9D21-34A320EBBFCC}.AppStore|iPhone.ActiveCfg = AppStore|iPhone
		{9BB383A6-E067-4906-9D21-34A320EBBFCC}.AppStore|iPhone.Build.0 = AppStore|iPhone
		{9BB383A6-E067-4906-9D21-34A320EBBFCC}.AppStore|iPhoneSimulator.ActiveCfg = AppStore|iPhoneSimulator
		{9BB383A6-E067-4906-9D21-34A320EBBFCC}.AppStore|iPhoneSimulator.Build.0 = AppStore|iPhoneSimulator
		{9BB383A6-E067-4906-9D21-34A320EBBFCC}.AppStore|x64.ActiveCfg = AppStore|iPhone
		{9BB383A6-E067-4906-9D21-34A320EBBFCC}.AppStore|x86.ActiveCfg = AppStore|iPhone
		{9BB383A6-E067-4906-9D21-34A320EBBFCC}.Debug|Any CPU.ActiveCfg = Debug|iPhone
		{9BB383A6-E067-4906-9D21-34A320EBBFCC}.Debug|ARM.ActiveCfg = Debug|iPhone
		{9BB383A6-E067-4906-9D21-34A320EBBFCC}.Debug|iPhone.ActiveCfg = Debug|iPhone
		{9BB383A6-E067-4906-9D21-34A320EBBFCC}.Debug|iPhone.Build.0 = Debug|iPhone
		{9BB383A6-E067-4906-9D21-34A320EBBFCC}.Debug|iPhoneSimulator.ActiveCfg = Debug|iPhoneSimulator
		{9BB383A6-E067-4906-9D21-34A320EBBFCC}.Debug|iPhoneSimulator.Build.0 = Debug|iPhoneSimulator
		{9BB383A6-E067-4906-9D21-34A320EBBFCC}.Debug|x64.ActiveCfg = Debug|iPhone
		{9BB383A6-E067-4906-9D21-34A320EBBFCC}.Debug|x86.ActiveCfg = Debug|iPhone
		{9BB383A6-E067-4906-9D21-34A320EBBFCC}.Release|Any CPU.ActiveCfg = Release|iPhone
		{9BB383A6-E067-4906-9D21-34A320EBBFCC}.Release|ARM.ActiveCfg = Release|iPhone
		{9BB383A6-E067-4906-9D21-34A320EBBFCC}.Release|iPhone.ActiveCfg = Release|iPhone
		{9BB383A6-E067-4906-9D21-34A320EBBFCC}.Release|iPhone.Build.0 = Release|iPhone
		{9BB383A6-E067-4906-9D21-34A320EBBFCC}.Release|iPhoneSimulator.ActiveCfg = Release|iPhoneSimulator
		{9BB383A6-E067-4906-9D21-34A320EBBFCC}.Release|iPhoneSimulator.Build.0 = Release|iPhoneSimulator
		{9BB383A6-E067-4906-9D21-34A320EBBFCC}.Release|x64.ActiveCfg = Release|iPhone
		{9BB383A6-E067-4906-9D21-34A320EBBFCC}.Release|x86.ActiveCfg = Release|iPhone
		{DB4D6774-EED9-4830-8DC1-F26CBFF33D17}.Ad-Hoc|Any CPU.ActiveCfg = Release|x64
		{DB4D6774-EED9-4830-8DC1-F26CBFF33D17}.Ad-Hoc|Any CPU.Build.0 = Release|x64
		{DB4D6774-EED9-4830-8DC1-F26CBFF33D17}.Ad-Hoc|Any CPU.Deploy.0 = Release|x64
		{DB4D6774-EED9-4830-8DC1-F26CBFF33D17}.Ad-Hoc|ARM.ActiveCfg = Release|ARM
		{DB4D6774-EED9-4830-8DC1-F26CBFF33D17}.Ad-Hoc|ARM.Build.0 = Release|ARM
		{DB4D6774-EED9-4830-8DC1-F26CBFF33D17}.Ad-Hoc|ARM.Deploy.0 = Release|ARM
		{DB4D6774-EED9-4830-8DC1-F26CBFF33D17}.Ad-Hoc|iPhone.ActiveCfg = Release|x64
		{DB4D6774-EED9-4830-8DC1-F26CBFF33D17}.Ad-Hoc|iPhone.Build.0 = Release|x64
		{DB4D6774-EED9-4830-8DC1-F26CBFF33D17}.Ad-Hoc|iPhone.Deploy.0 = Release|x64
		{DB4D6774-EED9-4830-8DC1-F26CBFF33D17}.Ad-Hoc|iPhoneSimulator.ActiveCfg = Release|x64
		{DB4D6774-EED9-4830-8DC1-F26CBFF33D17}.Ad-Hoc|iPhoneSimulator.Build.0 = Release|x64
		{DB4D6774-EED9-4830-8DC1-F26CBFF33D17}.Ad-Hoc|iPhoneSimulator.Deploy.0 = Release|x64
		{DB4D6774-EED9-4830-8DC1-F26CBFF33D17}.Ad-Hoc|x64.ActiveCfg = Release|x64
		{DB4D6774-EED9-4830-8DC1-F26CBFF33D17}.Ad-Hoc|x64.Build.0 = Release|x64
		{DB4D6774-EED9-4830-8DC1-F26CBFF33D17}.Ad-Hoc|x64.Deploy.0 = Release|x64
		{DB4D6774-EED9-4830-8DC1-F26CBFF33D17}.Ad-Hoc|x86.ActiveCfg = Release|x86
		{DB4D6774-EED9-4830-8DC1-F26CBFF33D17}.Ad-Hoc|x86.Build.0 = Release|x86
		{DB4D6774-EED9-4830-8DC1-F26CBFF33D17}.Ad-Hoc|x86.Deploy.0 = Release|x86
		{DB4D6774-EED9-4830-8DC1-F26CBFF33D17}.AppStore|Any CPU.ActiveCfg = Release|x64
		{DB4D6774-EED9-4830-8DC1-F26CBFF33D17}.AppStore|Any CPU.Build.0 = Release|x64
		{DB4D6774-EED9-4830-8DC1-F26CBFF33D17}.AppStore|Any CPU.Deploy.0 = Release|x64
		{DB4D6774-EED9-4830-8DC1-F26CBFF33D17}.AppStore|ARM.ActiveCfg = Release|ARM
		{DB4D6774-EED9-4830-8DC1-F26CBFF33D17}.AppStore|ARM.Build.0 = Release|ARM
		{DB4D6774-EED9-4830-8DC1-F26CBFF33D17}.AppStore|ARM.Deploy.0 = Release|ARM
		{DB4D6774-EED9-4830-8DC1-F26CBFF33D17}.AppStore|iPhone.ActiveCfg = Release|x64
		{DB4D6774-EED9-4830-8DC1-F26CBFF33D17}.AppStore|iPhone.Build.0 = Release|x64
		{DB4D6774-EED9-4830-8DC1-F26CBFF33D17}.AppStore|iPhone.Deploy.0 = Release|x64
		{DB4D6774-EED9-4830-8DC1-F26CBFF33D17}.AppStore|iPhoneSimulator.ActiveCfg = Release|x64
		{DB4D6774-EED9-4830-8DC1-F26CBFF33D17}.AppStore|iPhoneSimulator.Build.0 = Release|x64
		{DB4D6774-EED9-4830-8DC1-F26CBFF33D17}.AppStore|iPhoneSimulator.Deploy.0 = Release|x64
		{DB4D6774-EED9-4830-8DC1-F26CBFF33D17}.AppStore|x64.ActiveCfg = Release|x64
		{DB4D6774-EED9-4830-8DC1-F26CBFF33D17}.AppStore|x64.Build.0 = Release|x64
		{DB4D6774-EED9-4830-8DC1-F26CBFF33D17}.AppStore|x64.Deploy.0 = Release|x64
		{DB4D6774-EED9-4830-8DC1-F26CBFF33D17}.AppStore|x86.ActiveCfg = Release|x86
		{DB4D6774-EED9-4830-8DC1-F26CBFF33D17}.AppStore|x86.Build.0 = Release|x86
		{DB4D6774-EED9-4830-8DC1-F26CBFF33D17}.AppStore|x86.Deploy.0 = Release|x86
		{DB4D6774-EED9-4830-8DC1-F26CBFF33D17}.Debug|Any CPU.ActiveCfg = Debug|x86
		{DB4D6774-EED9-4830-8DC1-F26CBFF33D17}.Debug|ARM.ActiveCfg = Debug|ARM
		{DB4D6774-EED9-4830-8DC1-F26CBFF33D17}.Debug|ARM.Build.0 = Debug|ARM
		{DB4D6774-EED9-4830-8DC1-F26CBFF33D17}.Debug|ARM.Deploy.0 = Debug|ARM
		{DB4D6774-EED9-4830-8DC1-F26CBFF33D17}.Debug|iPhone.ActiveCfg = Debug|x86
		{DB4D6774-EED9-4830-8DC1-F26CBFF33D17}.Debug|iPhoneSimulator.ActiveCfg = Debug|x86
		{DB4D6774-EED9-4830-8DC1-F26CBFF33D17}.Debug|x64.ActiveCfg = Debug|x64
		{DB4D6774-EED9-4830-8DC1-F26CBFF33D17}.Debug|x64.Build.0 = Debug|x64
		{DB4D6774-EED9-4830-8DC1-F26CBFF33D17}.Debug|x64.Deploy.0 = Debug|x64
		{DB4D6774-EED9-4830-8DC1-F26CBFF33D17}.Debug|x86.ActiveCfg = Debug|x86
		{DB4D6774-EED9-4830-8DC1-F26CBFF33D17}.Debug|x86.Build.0 = Debug|x86
		{DB4D6774-EED9-4830-8DC1-F26CBFF33D17}.Debug|x86.Deploy.0 = Debug|x86
		{DB4D6774-EED9-4830-8DC1-F26CBFF33D17}.Release|Any CPU.ActiveCfg = Release|x86
		{DB4D6774-EED9-4830-8DC1-F26CBFF33D17}.Release|ARM.ActiveCfg = Release|ARM
		{DB4D6774-EED9-4830-8DC1-F26CBFF33D17}.Release|ARM.Build.0 = Release|ARM
		{DB4D6774-EED9-4830-8DC1-F26CBFF33D17}.Release|ARM.Deploy.0 = Release|ARM
		{DB4D6774-EED9-4830-8DC1-F26CBFF33D17}.Release|iPhone.ActiveCfg = Release|x86
		{DB4D6774-EED9-4830-8DC1-F26CBFF33D17}.Release|iPhoneSimulator.ActiveCfg = Release|x86
		{DB4D6774-EED9-4830-8DC1-F26CBFF33D17}.Release|x64.ActiveCfg = Release|x64
		{DB4D6774-EED9-4830-8DC1-F26CBFF33D17}.Release|x64.Build.0 = Release|x64
		{DB4D6774-EED9-4830-8DC1-F26CBFF33D17}.Release|x64.Deploy.0 = Release|x64
		{DB4D6774-EED9-4830-8DC1-F26CBFF33D17}.Release|x86.ActiveCfg = Release|x86
		{DB4D6774-EED9-4830-8DC1-F26CBFF33D17}.Release|x86.Build.0 = Release|x86
		{DB4D6774-EED9-4830-8DC1-F26CBFF33D17}.Release|x86.Deploy.0 = Release|x86
		{7DB0F56B-25D4-485C-B812-D554ACFC4D50}.Ad-Hoc|Any CPU.ActiveCfg = Debug|Any CPU
		{7DB0F56B-25D4-485C-B812-D554ACFC4D50}.Ad-Hoc|Any CPU.Build.0 = Debug|Any CPU
		{7DB0F56B-25D4-485C-B812-D554ACFC4D50}.Ad-Hoc|ARM.ActiveCfg = Debug|Any CPU
		{7DB0F56B-25D4-485C-B812-D554ACFC4D50}.Ad-Hoc|ARM.Build.0 = Debug|Any CPU
		{7DB0F56B-25D4-485C-B812-D554ACFC4D50}.Ad-Hoc|iPhone.ActiveCfg = Debug|Any CPU
		{7DB0F56B-25D4-485C-B812-D554ACFC4D50}.Ad-Hoc|iPhone.Build.0 = Debug|Any CPU
		{7DB0F56B-25D4-485C-B812-D554ACFC4D50}.Ad-Hoc|iPhoneSimulator.ActiveCfg = Debug|Any CPU
		{7DB0F56B-25D4-485C-B812-D554ACFC4D50}.Ad-Hoc|iPhoneSimulator.Build.0 = Debug|Any CPU
		{7DB0F56B-25D4-485C-B812-D554ACFC4D50}.Ad-Hoc|x64.ActiveCfg = Debug|Any CPU
		{7DB0F56B-25D4-485C-B812-D554ACFC4D50}.Ad-Hoc|x64.Build.0 = Debug|Any CPU
		{7DB0F56B-25D4-485C-B812-D554ACFC4D50}.Ad-Hoc|x86.ActiveCfg = Debug|Any CPU
		{7DB0F56B-25D4-485C-B812-D554ACFC4D50}.Ad-Hoc|x86.Build.0 = Debug|Any CPU
		{7DB0F56B-25D4-485C-B812-D554ACFC4D50}.AppStore|Any CPU.ActiveCfg = Debug|Any CPU
		{7DB0F56B-25D4-485C-B812-D554ACFC4D50}.AppStore|Any CPU.Build.0 = Debug|Any CPU
		{7DB0F56B-25D4-485C-B812-D554ACFC4D50}.AppStore|ARM.ActiveCfg = Debug|Any CPU
		{7DB0F56B-25D4-485C-B812-D554ACFC4D50}.AppStore|ARM.Build.0 = Debug|Any CPU
		{7DB0F56B-25D4-485C-B812-D554ACFC4D50}.AppStore|iPhone.ActiveCfg = Debug|Any CPU
		{7DB0F56B-25D4-485C-B812-D554ACFC4D50}.AppStore|iPhone.Build.0 = Debug|Any CPU
		{7DB0F56B-25D4-485C-B812-D554ACFC4D50}.AppStore|iPhoneSimulator.ActiveCfg = Debug|Any CPU
		{7DB0F56B-25D4-485C-B812-D554ACFC4D50}.AppStore|iPhoneSimulator.Build.0 = Debug|Any CPU
		{7DB0F56B-25D4-485C-B812-D554ACFC4D50}.AppStore|x64.ActiveCfg = Debug|Any CPU
		{7DB0F56B-25D4-485C-B812-D554ACFC4D50}.AppStore|x64.Build.0 = Debug|Any CPU
		{7DB0F56B-25D4-485C-B812-D554ACFC4D50}.AppStore|x86.ActiveCfg = Debug|Any CPU
		{7DB0F56B-25D4-485C-B812-D554ACFC4D50}.AppStore|x86.Build.0 = Debug|Any CPU
		{7DB0F56B-25D4-485C-B812-D554ACFC4D50}.Debug|Any CPU.ActiveCfg = Debug|Any CPU
		{7DB0F56B-25D4-485C-B812-D554ACFC4D50}.Debug|Any CPU.Build.0 = Debug|Any CPU
		{7DB0F56B-25D4-485C-B812-D554ACFC4D50}.Debug|ARM.ActiveCfg = Debug|Any CPU
		{7DB0F56B-25D4-485C-B812-D554ACFC4D50}.Debug|ARM.Build.0 = Debug|Any CPU
		{7DB0F56B-25D4-485C-B812-D554ACFC4D50}.Debug|iPhone.ActiveCfg = Debug|Any CPU
		{7DB0F56B-25D4-485C-B812-D554ACFC4D50}.Debug|iPhone.Build.0 = Debug|Any CPU
		{7DB0F56B-25D4-485C-B812-D554ACFC4D50}.Debug|iPhoneSimulator.ActiveCfg = Debug|Any CPU
		{7DB0F56B-25D4-485C-B812-D554ACFC4D50}.Debug|iPhoneSimulator.Build.0 = Debug|Any CPU
		{7DB0F56B-25D4-485C-B812-D554ACFC4D50}.Debug|x64.ActiveCfg = Debug|Any CPU
		{7DB0F56B-25D4-485C-B812-D554ACFC4D50}.Debug|x64.Build.0 = Debug|Any CPU
		{7DB0F56B-25D4-485C-B812-D554ACFC4D50}.Debug|x86.ActiveCfg = Debug|Any CPU
		{7DB0F56B-25D4-485C-B812-D554ACFC4D50}.Debug|x86.Build.0 = Debug|Any CPU
		{7DB0F56B-25D4-485C-B812-D554ACFC4D50}.Release|Any CPU.ActiveCfg = Release|Any CPU
		{7DB0F56B-25D4-485C-B812-D554ACFC4D50}.Release|Any CPU.Build.0 = Release|Any CPU
		{7DB0F56B-25D4-485C-B812-D554ACFC4D50}.Release|ARM.ActiveCfg = Release|Any CPU
		{7DB0F56B-25D4-485C-B812-D554ACFC4D50}.Release|ARM.Build.0 = Release|Any CPU
		{7DB0F56B-25D4-485C-B812-D554ACFC4D50}.Release|iPhone.ActiveCfg = Release|Any CPU
		{7DB0F56B-25D4-485C-B812-D554ACFC4D50}.Release|iPhone.Build.0 = Release|Any CPU
		{7DB0F56B-25D4-485C-B812-D554ACFC4D50}.Release|iPhoneSimulator.ActiveCfg = Release|Any CPU
		{7DB0F56B-25D4-485C-B812-D554ACFC4D50}.Release|iPhoneSimulator.Build.0 = Release|Any CPU
		{7DB0F56B-25D4-485C-B812-D554ACFC4D50}.Release|x64.ActiveCfg = Release|Any CPU
		{7DB0F56B-25D4-485C-B812-D554ACFC4D50}.Release|x64.Build.0 = Release|Any CPU
		{7DB0F56B-25D4-485C-B812-D554ACFC4D50}.Release|x86.ActiveCfg = Release|Any CPU
		{7DB0F56B-25D4-485C-B812-D554ACFC4D50}.Release|x86.Build.0 = Release|Any CPU
	EndGlobalSection
	GlobalSection(SolutionProperties) = preSolution
		HideSolutionNode = FALSE
	EndGlobalSection
	GlobalSection(ExtensibilityGlobals) = postSolution
		SolutionGuid = {CCDEE00D-D662-4379-8492-E90F779A645A}
	EndGlobalSection
EndGlobal
